
Microsoft Visual Studio Solution File, Format Version 12.00
# Visual Studio Version 17
VisualStudioVersion = 17.4.33213.308
MinimumVisualStudioVersion = 10.0.40219.1
Project("{9A19103F-16F7-4668-BE54-9A1E7A4F7556}") = "meta9score", "meta9score\meta9score.csproj", "{AE9C9012-5396-4090-BED8-3B1DFE17296E}"
EndProject
Global
	GlobalSection(SolutionConfigurationPlatforms) = preSolution
		Debug|Any CPU = Debug|Any CPU
		Release|Any CPU = Release|Any CPU
	EndGlobalSection
	GlobalSection(ProjectConfigurationPlatforms) = postSolution
		{AE9C9012-5396-4090-BED8-3B1DFE17296E}.Debug|Any CPU.ActiveCfg = Debug|Any CPU
		{AE9C9012-5396-4090-BED8-3B1DFE17296E}.Debug|Any CPU.Build.0 = Debug|Any CPU
		{AE9C9012-5396-4090-BED8-3B1DFE17296E}.Release|Any CPU.ActiveCfg = Release|Any CPU
		{AE9C9012-5396-4090-BED8-3B1DFE17296E}.Release|Any CPU.Build.0 = Release|Any CPU
	EndGlobalSection
	GlobalSection(SolutionProperties) = preSolution
		HideSolutionNode = FALSE
	EndGlobalSection
	GlobalSection(ExtensibilityGlobals) = postSolution
		SolutionGuid = {7CDD8596-B1A5-4952-B2E4-9632E1400F5C}
	EndGlobalSection
EndGlobal
